// !$*UTF8*$!
{
	archiveVersion = 1;
	classes = {
	};
	objectVersion = 50;
	objects = {

/* Begin PBXBuildFile section */
		B760F621266EBFE300F6534B /* AppDelegate.swift in Sources */ = {isa = PBXBuildFile; fileRef = B760F620266EBFE300F6534B /* AppDelegate.swift */; };
		B760F623266EBFE300F6534B /* SceneDelegate.swift in Sources */ = {isa = PBXBuildFile; fileRef = B760F622266EBFE300F6534B /* SceneDelegate.swift */; };
		B760F625266EBFE300F6534B /* ViewController.swift in Sources */ = {isa = PBXBuildFile; fileRef = B760F624266EBFE300F6534B /* ViewController.swift */; };
		B760F628266EBFE300F6534B /* Main.storyboard in Resources */ = {isa = PBXBuildFile; fileRef = B760F626266EBFE300F6534B /* Main.storyboard */; };
		B760F62A266EBFE400F6534B /* Assets.xcassets in Resources */ = {isa = PBXBuildFile; fileRef = B760F629266EBFE400F6534B /* Assets.xcassets */; };
		B760F62D266EBFE400F6534B /* LaunchScreen.storyboard in Resources */ = {isa = PBXBuildFile; fileRef = B760F62B266EBFE400F6534B /* LaunchScreen.storyboard */; };
		B760F6B12670277700F6534B /* UIView+Constraints.swift in Sources */ = {isa = PBXBuildFile; fileRef = B760F6B02670277700F6534B /* UIView+Constraints.swift */; };
		B760F6B52671720D00F6534B /* UIDevice+Devices.swift in Sources */ = {isa = PBXBuildFile; fileRef = B760F6B42671720D00F6534B /* UIDevice+Devices.swift */; };
/* End PBXBuildFile section */

/* Begin PBXFileReference section */
		B760F61D266EBFE300F6534B /* TestConstraints.app */ = {isa = PBXFileReference; explicitFileType = wrapper.application; includeInIndex = 0; path = TestConstraints.app; sourceTree = BUILT_PRODUCTS_DIR; };
		B760F620266EBFE300F6534B /* AppDelegate.swift */ = {isa = PBXFileReference; lastKnownFileType = sourcecode.swift; path = AppDelegate.swift; sourceTree = "<group>"; };
		B760F622266EBFE300F6534B /* SceneDelegate.swift */ = {isa = PBXFileReference; lastKnownFileType = sourcecode.swift; path = SceneDelegate.swift; sourceTree = "<group>"; };
		B760F624266EBFE300F6534B /* ViewController.swift */ = {isa = PBXFileReference; lastKnownFileType = sourcecode.swift; path = ViewController.swift; sourceTree = "<group>"; };
		B760F627266EBFE300F6534B /* Base */ = {isa = PBXFileReference; lastKnownFileType = file.storyboard; name = Base; path = Base.lproj/Main.storyboard; sourceTree = "<group>"; };
		B760F629266EBFE400F6534B /* Assets.xcassets */ = {isa = PBXFileReference; lastKnownFileType = folder.assetcatalog; path = Assets.xcassets; sourceTree = "<group>"; };
		B760F62C266EBFE400F6534B /* Base */ = {isa = PBXFileReference; lastKnownFileType = file.storyboard; name = Base; path = Base.lproj/LaunchScreen.storyboard; sourceTree = "<group>"; };
		B760F62E266EBFE400F6534B /* Info.plist */ = {isa = PBXFileReference; lastKnownFileType = text.plist.xml; path = Info.plist; sourceTree = "<group>"; };
		B760F6B02670277700F6534B /* UIView+Constraints.swift */ = {isa = PBXFileReference; lastKnownFileType = sourcecode.swift; path = "UIView+Constraints.swift"; sourceTree = "<group>"; };
		B760F6B42671720D00F6534B /* UIDevice+Devices.swift */ = {isa = PBXFileReference; lastKnownFileType = sourcecode.swift; path = "UIDevice+Devices.swift"; sourceTree = "<group>"; };
/* End PBXFileReference section */

/* Begin PBXFrameworksBuildPhase section */
		B760F61A266EBFE300F6534B /* Frameworks */ = {
			isa = PBXFrameworksBuildPhase;
			buildActionMask = 2147483647;
			files = (
			);
			runOnlyForDeploymentPostprocessing = 0;
		};
/* End PBXFrameworksBuildPhase section */

/* Begin PBXGroup section */
		B760F614266EBFE300F6534B = {
			isa = PBXGroup;
			children = (
				B760F61F266EBFE300F6534B /* TestConstraints */,
				B760F61E266EBFE300F6534B /* Products */,
			);
			sourceTree = "<group>";
		};
		B760F61E266EBFE300F6534B /* Products */ = {
			isa = PBXGroup;
			children = (
				B760F61D266EBFE300F6534B /* TestConstraints.app */,
			);
			name = Products;
			sourceTree = "<group>";
		};
		B760F61F266EBFE300F6534B /* TestConstraints */ = {
			isa = PBXGroup;
			children = (
				B760F6AF2670276100F6534B /* Extensions */,
				B760F620266EBFE300F6534B /* AppDelegate.swift */,
				B760F622266EBFE300F6534B /* SceneDelegate.swift */,
				B760F624266EBFE300F6534B /* ViewController.swift */,
				B760F626266EBFE300F6534B /* Main.storyboard */,
				B760F629266EBFE400F6534B /* Assets.xcassets */,
				B760F62B266EBFE400F6534B /* LaunchScreen.storyboard */,
				B760F62E266EBFE400F6534B /* Info.plist */,
			);
			path = TestConstraints;
			sourceTree = "<group>";
		};
		B760F6AF2670276100F6534B /* Extensions */ = {
			isa = PBXGroup;
			children = (
				B760F6B42671720D00F6534B /* UIDevice+Devices.swift */,
				B760F6B02670277700F6534B /* UIView+Constraints.swift */,
			);
			path = Extensions;
			sourceTree = "<group>";
		};
/* End PBXGroup section */

/* Begin PBXNativeTarget section */
		B760F61C266EBFE300F6534B /* TestConstraints */ = {
			isa = PBXNativeTarget;
			buildConfigurationList = B760F631266EBFE400F6534B /* Build configuration list for PBXNativeTarget "TestConstraints" */;
			buildPhases = (
				B760F619266EBFE300F6534B /* Sources */,
				B760F61A266EBFE300F6534B /* Frameworks */,
				B760F61B266EBFE300F6534B /* Resources */,
			);
			buildRules = (
			);
			dependencies = (
			);
			name = TestConstraints;
			productName = TestConstraints;
			productReference = B760F61D266EBFE300F6534B /* TestConstraints.app */;
			productType = "com.apple.product-type.application";
		};
/* End PBXNativeTarget section */

/* Begin PBXProject section */
		B760F615266EBFE300F6534B /* Project object */ = {
			isa = PBXProject;
			attributes = {
				LastSwiftUpdateCheck = 1210;
				LastUpgradeCheck = 1210;
				TargetAttributes = {
					B760F61C266EBFE300F6534B = {
						CreatedOnToolsVersion = 12.1;
					};
				};
			};
			buildConfigurationList = B760F618266EBFE300F6534B /* Build configuration list for PBXProject "TestConstraints" */;
			compatibilityVersion = "Xcode 9.3";
			developmentRegion = en;
			hasScannedForEncodings = 0;
			knownRegions = (
				en,
				Base,
			);
			mainGroup = B760F614266EBFE300F6534B;
			productRefGroup = B760F61E266EBFE300F6534B /* Products */;
			projectDirPath = "";
			projectRoot = "";
			targets = (
				B760F61C266EBFE300F6534B /* TestConstraints */,
			);
		};
/* End PBXProject section */

/* Begin PBXResourcesBuildPhase section */
		B760F61B266EBFE300F6534B /* Resources */ = {
			isa = PBXResourcesBuildPhase;
			buildActionMask = 2147483647;
			files = (
				B760F62D266EBFE400F6534B /* LaunchScreen.storyboard in Resources */,
				B760F62A266EBFE400F6534B /* Assets.xcassets in Resources */,
				B760F628266EBFE300F6534B /* Main.storyboard in Resources */,
			);
			runOnlyForDeploymentPostprocessing = 0;
		};
/* End PBXResourcesBuildPhase section */

/* Begin PBXSourcesBuildPhase section */
		B760F619266EBFE300F6534B /* Sources */ = {
			isa = PBXSourcesBuildPhase;
			buildActionMask = 2147483647;
			files = (
				B760F625266EBFE300F6534B /* ViewController.swift in Sources */,
				B760F6B52671720D00F6534B /* UIDevice+Devices.swift in Sources */,
				B760F621266EBFE300F6534B /* AppDelegate.swift in Sources */,
				B760F623266EBFE300F6534B /* SceneDelegate.swift in Sources */,
				B760F6B12670277700F6534B /* UIView+Constraints.swift in Sources */,
			);
			runOnlyForDeploymentPostprocessing = 0;
		};
/* End PBXSourcesBuildPhase section */

/* Begin PBXVariantGroup section */
		B760F626266EBFE300F6534B /* Main.storyboard */ = {
			isa = PBXVariantGroup;
			children = (
				B760F627266EBFE300F6534B /* Base */,
			);
			name = Main.storyboard;
			sourceTree = "<group>";
		};
		B760F62B266EBFE400F6534B /* LaunchScreen.storyboard */ = {
			isa = PBXVariantGroup;
			children = (
				B760F62C266EBFE400F6534B /* Base */,
			);
			name = LaunchScreen.storyboard;
			sourceTree = "<group>";
		};
/* End PBXVariantGroup section */

/* Begin XCBuildConfiguration section */
		B760F62F266EBFE400F6534B /* Debug */ = {
			isa = XCBuildConfiguration;
			buildSettings = {
				ALWAYS_SEARCH_USER_PATHS = NO;
				CLANG_ANALYZER_NONNULL = YES;
				CLANG_ANALYZER_NUMBER_OBJECT_CONVERSION = YES_AGGRESSIVE;
				CLANG_CXX_LANGUAGE_STANDARD = "gnu++14";
				CLANG_CXX_LIBRARY = "libc++";
				CLANG_ENABLE_MODULES = YES;
				CLANG_ENABLE_OBJC_ARC = YES;
				CLANG_ENABLE_OBJC_WEAK = YES;
				CLANG_WARN_BLOCK_CAPTURE_AUTORELEASING = YES;
				CLANG_WARN_BOOL_CONVERSION = YES;
				CLANG_WARN_COMMA = YES;
				CLANG_WARN_CONSTANT_CONVERSION = YES;
				CLANG_WARN_DEPRECATED_OBJC_IMPLEMENTATIONS = YES;
				CLANG_WARN_DIRECT_OBJC_ISA_USAGE = YES_ERROR;
				CLANG_WARN_DOCUMENTATION_COMMENTS = YES;
				CLANG_WARN_EMPTY_BODY = YES;
				CLANG_WARN_ENUM_CONVERSION = YES;
				CLANG_WARN_INFINITE_RECURSION = YES;
				CLANG_WARN_INT_CONVERSION = YES;
				CLANG_WARN_NON_LITERAL_NULL_CONVERSION = YES;
				CLANG_WARN_OBJC_IMPLICIT_RETAIN_SELF = YES;
				CLANG_WARN_OBJC_LITERAL_CONVERSION = YES;
				CLANG_WARN_OBJC_ROOT_CLASS = YES_ERROR;
				CLANG_WARN_QUOTED_INCLUDE_IN_FRAMEWORK_HEADER = YES;
				CLANG_WARN_RANGE_LOOP_ANALYSIS = YES;
				CLANG_WARN_STRICT_PROTOTYPES = YES;
				CLANG_WARN_SUSPICIOUS_MOVE = YES;
				CLANG_WARN_UNGUARDED_AVAILABILITY = YES_AGGRESSIVE;
				CLANG_WARN_UNREACHABLE_CODE = YES;
				CLANG_WARN__DUPLICATE_METHOD_MATCH = YES;
				COPY_PHASE_STRIP = NO;
				DEBUG_INFORMATION_FORMAT = dwarf;
				ENABLE_STRICT_OBJC_MSGSEND = YES;
				ENABLE_TESTABILITY = YES;
				GCC_C_LANGUAGE_STANDARD = gnu11;
				GCC_DYNAMIC_NO_PIC = NO;
				GCC_NO_COMMON_BLOCKS = YES;
				GCC_OPTIMIZATION_LEVEL = 0;
				GCC_PREPROCESSOR_DEFINITIONS = (
					"DEBUG=1",
					"$(inherited)",
				);
				GCC_WARN_64_TO_32_BIT_CONVERSION = YES;
				GCC_WARN_ABOUT_RETURN_TYPE = YES_ERROR;
				GCC_WARN_UNDECLARED_SELECTOR = YES;
				GCC_WARN_UNINITIALIZED_AUTOS = YES_AGGRESSIVE;
				GCC_WARN_UNUSED_FUNCTION = YES;
				GCC_WARN_UNUSED_VARIABLE = YES;
				IPHONEOS_DEPLOYMENT_TARGET = 14.1;
				MTL_ENABLE_DEBUG_INFO = INCLUDE_SOURCE;
				MTL_FAST_MATH = YES;
				ONLY_ACTIVE_ARCH = YES;
				SDKROOT = iphoneos;
				SWIFT_ACTIVE_COMPILATION_CONDITIONS = DEBUG;
				SWIFT_OPTIMIZATION_LEVEL = "-Onone";
			};
			name = Debug;
		};
		B760F630266EBFE400F6534B /* Release */ = {
			isa = XCBuildConfiguration;
			buildSettings = {
				ALWAYS_SEARCH_USER_PATHS = NO;
				CLANG_ANALYZER_NONNULL = YES;
				CLANG_ANALYZER_NUMBER_OBJECT_CONVERSION = YES_AGGRESSIVE;
				CLANG_CXX_LANGUAGE_STANDARD = "gnu++14";
				CLANG_CXX_LIBRARY = "libc++";
				CLANG_ENABLE_MODULES = YES;
				CLANG_ENABLE_OBJC_ARC = YES;
				CLANG_ENABLE_OBJC_WEAK = YES;
				CLANG_WARN_BLOCK_CAPTURE_AUTORELEASING = YES;
				CLANG_WARN_BOOL_CONVERSION = YES;
				CLANG_WARN_COMMA = YES;
				CLANG_WARN_CONSTANT_CONVERSION = YES;
				CLANG_WARN_DEPRECATED_OBJC_IMPLEMENTATIONS = YES;
				CLANG_WARN_DIRECT_OBJC_ISA_USAGE = YES_ERROR;
				CLANG_WARN_DOCUMENTATION_COMMENTS = YES;
				CLANG_WARN_EMPTY_BODY = YES;
				CLANG_WARN_ENUM_CONVERSION = YES;
				CLANG_WARN_INFINITE_RECURSION = YES;
				CLANG_WARN_INT_CONVERSION = YES;
				CLANG_WARN_NON_LITERAL_NULL_CONVERSION = YES;
				CLANG_WARN_OBJC_IMPLICIT_RETAIN_SELF = YES;
				CLANG_WARN_OBJC_LITERAL_CONVERSION = YES;
				CLANG_WARN_OBJC_ROOT_CLASS = YES_ERROR;
				CLANG_WARN_QUOTED_INCLUDE_IN_FRAMEWORK_HEADER = YES;
				CLANG_WARN_RANGE_LOOP_ANALYSIS = YES;
				CLANG_WARN_STRICT_PROTOTYPES = YES;
				CLANG_WARN_SUSPICIOUS_MOVE = YES;
				CLANG_WARN_UNGUARDED_AVAILABILITY = YES_AGGRESSIVE;
				CLANG_WARN_UNREACHABLE_CODE = YES;
				CLANG_WARN__DUPLICATE_METHOD_MATCH = YES;
				COPY_PHASE_STRIP = NO;
				DEBUG_INFORMATION_FORMAT = "dwarf-with-dsym";
				ENABLE_NS_ASSERTIONS = NO;
				ENABLE_STRICT_OBJC_MSGSEND = YES;
				GCC_C_LANGUAGE_STANDARD = gnu11;
				GCC_NO_COMMON_BLOCKS = YES;
				GCC_WARN_64_TO_32_BIT_CONVERSION = YES;
				GCC_WARN_ABOUT_RETURN_TYPE = YES_ERROR;
				GCC_WARN_UNDECLARED_SELECTOR = YES;
				GCC_WARN_UNINITIALIZED_AUTOS = YES_AGGRESSIVE;
				GCC_WARN_UNUSED_FUNCTION = YES;
				GCC_WARN_UNUSED_VARIABLE = YES;
				IPHONEOS_DEPLOYMENT_TARGET = 14.1;
				MTL_ENABLE_DEBUG_INFO = NO;
				MTL_FAST_MATH = YES;
				SDKROOT = iphoneos;
				SWIFT_COMPILATION_MODE = wholemodule;
				SWIFT_OPTIMIZATION_LEVEL = "-O";
				VALIDATE_PRODUCT = YES;
			};
			name = Release;
		};
		B760F632266EBFE400F6534B /* Debug */ = {
			isa = XCBuildConfiguration;
			buildSettings = {
				ASSETCATALOG_COMPILER_APPICON_NAME = AppIcon;
				ASSETCATALOG_COMPILER_GLOBAL_ACCENT_COLOR_NAME = AccentColor;
				CODE_SIGN_STYLE = Automatic;
				INFOPLIST_FILE = TestConstraints/Info.plist;
				LD_RUNPATH_SEARCH_PATHS = (
					"$(inherited)",
					"@executable_path/Frameworks",
				);
				PRODUCT_BUNDLE_IDENTIFIER = Any.TestConstraints;
				PRODUCT_NAME = "$(TARGET_NAME)";
				SWIFT_VERSION = 5.0;
				TARGETED_DEVICE_FAMILY = "1,2";
			};
			name = Debug;
		};
		B760F633266EBFE400F6534B /* Release */ = {
			isa = XCBuildConfiguration;
			buildSettings = {
				ASSETCATALOG_COMPILER_APPICON_NAME = AppIcon;
				ASSETCATALOG_COMPILER_GLOBAL_ACCENT_COLOR_NAME = AccentColor;
				CODE_SIGN_STYLE = Automatic;
				INFOPLIST_FILE = TestConstraints/Info.plist;
				LD_RUNPATH_SEARCH_PATHS = (
					"$(inherited)",
					"@executable_path/Frameworks",
				);
				PRODUCT_BUNDLE_IDENTIFIER = Any.TestConstraints;
				PRODUCT_NAME = "$(TARGET_NAME)";
				SWIFT_VERSION = 5.0;
				TARGETED_DEVICE_FAMILY = "1,2";
			};
			name = Release;
		};
/* End XCBuildConfiguration section */

/* Begin XCConfigurationList section */
		B760F618266EBFE300F6534B /* Build configuration list for PBXProject "TestConstraints" */ = {
			isa = XCConfigurationList;
			buildConfigurations = (
				B760F62F266EBFE400F6534B /* Debug */,
				B760F630266EBFE400F6534B /* Release */,
			);
			defaultConfigurationIsVisible = 0;
			defaultConfigurationName = Release;
		};
		B760F631266EBFE400F6534B /* Build configuration list for PBXNativeTarget "TestConstraints" */ = {
			isa = XCConfigurationList;
			buildConfigurations = (
				B760F632266EBFE400F6534B /* Debug */,
				B760F633266EBFE400F6534B /* Release */,
			);
			defaultConfigurationIsVisible = 0;
			defaultConfigurationName = Release;
		};
/* End XCConfigurationList section */
	};
	rootObject = B760F615266EBFE300F6534B /* Project object */;
}
