// !$*UTF8*$!
{
	archiveVersion = 1;
	classes = {
	};
	objectVersion = 50;
	objects = {

/* Begin PBXBuildFile section */
		B7363D8A261BE1460081E75E /* AppDelegate.swift in Sources */ = {isa = PBXBuildFile; fileRef = B7363D89261BE1460081E75E /* AppDelegate.swift */; };
		B7363D8C261BE1460081E75E /* SceneDelegate.swift in Sources */ = {isa = PBXBuildFile; fileRef = B7363D8B261BE1460081E75E /* SceneDelegate.swift */; };
		B7363D91261BE1470081E75E /* Main.storyboard in Resources */ = {isa = PBXBuildFile; fileRef = B7363D8F261BE1470081E75E /* Main.storyboard */; };
		B7363D93261BE1470081E75E /* Assets.xcassets in Resources */ = {isa = PBXBuildFile; fileRef = B7363D92261BE1470081E75E /* Assets.xcassets */; };
		B7363D96261BE1470081E75E /* LaunchScreen.storyboard in Resources */ = {isa = PBXBuildFile; fileRef = B7363D94261BE1470081E75E /* LaunchScreen.storyboard */; };
		B7363D9F261BE15E0081E75E /* ImageTableViewController.swift in Sources */ = {isa = PBXBuildFile; fileRef = B7363D9E261BE15E0081E75E /* ImageTableViewController.swift */; };
		B7363DA7261BEAAF0081E75E /* BibliotecaTableViewCell.swift in Sources */ = {isa = PBXBuildFile; fileRef = B7363DA6261BEAAF0081E75E /* BibliotecaTableViewCell.swift */; };
/* End PBXBuildFile section */

/* Begin PBXFileReference section */
		B7363D86261BE1460081E75E /* imageTableView.app */ = {isa = PBXFileReference; explicitFileType = wrapper.application; includeInIndex = 0; path = imageTableView.app; sourceTree = BUILT_PRODUCTS_DIR; };
		B7363D89261BE1460081E75E /* AppDelegate.swift */ = {isa = PBXFileReference; lastKnownFileType = sourcecode.swift; path = AppDelegate.swift; sourceTree = "<group>"; };
		B7363D8B261BE1460081E75E /* SceneDelegate.swift */ = {isa = PBXFileReference; lastKnownFileType = sourcecode.swift; path = SceneDelegate.swift; sourceTree = "<group>"; };
		B7363D90261BE1470081E75E /* Base */ = {isa = PBXFileReference; lastKnownFileType = file.storyboard; name = Base; path = Base.lproj/Main.storyboard; sourceTree = "<group>"; };
		B7363D92261BE1470081E75E /* Assets.xcassets */ = {isa = PBXFileReference; lastKnownFileType = folder.assetcatalog; path = Assets.xcassets; sourceTree = "<group>"; };
		B7363D95261BE1470081E75E /* Base */ = {isa = PBXFileReference; lastKnownFileType = file.storyboard; name = Base; path = Base.lproj/LaunchScreen.storyboard; sourceTree = "<group>"; };
		B7363D97261BE1470081E75E /* Info.plist */ = {isa = PBXFileReference; lastKnownFileType = text.plist.xml; path = Info.plist; sourceTree = "<group>"; };
		B7363D9E261BE15E0081E75E /* ImageTableViewController.swift */ = {isa = PBXFileReference; lastKnownFileType = sourcecode.swift; path = ImageTableViewController.swift; sourceTree = "<group>"; };
		B7363DA6261BEAAF0081E75E /* BibliotecaTableViewCell.swift */ = {isa = PBXFileReference; lastKnownFileType = sourcecode.swift; path = BibliotecaTableViewCell.swift; sourceTree = "<group>"; };
/* End PBXFileReference section */

/* Begin PBXFrameworksBuildPhase section */
		B7363D83261BE1460081E75E /* Frameworks */ = {
			isa = PBXFrameworksBuildPhase;
			buildActionMask = 2147483647;
			files = (
			);
			runOnlyForDeploymentPostprocessing = 0;
		};
/* End PBXFrameworksBuildPhase section */

/* Begin PBXGroup section */
		B7363D7D261BE1460081E75E = {
			isa = PBXGroup;
			children = (
				B7363D88261BE1460081E75E /* imageTableView */,
				B7363D87261BE1460081E75E /* Products */,
			);
			sourceTree = "<group>";
		};
		B7363D87261BE1460081E75E /* Products */ = {
			isa = PBXGroup;
			children = (
				B7363D86261BE1460081E75E /* imageTableView.app */,
			);
			name = Products;
			sourceTree = "<group>";
		};
		B7363D88261BE1460081E75E /* imageTableView */ = {
			isa = PBXGroup;
			children = (
				B7363D89261BE1460081E75E /* AppDelegate.swift */,
				B7363D8B261BE1460081E75E /* SceneDelegate.swift */,
				B7363D9E261BE15E0081E75E /* ImageTableViewController.swift */,
				B7363DA6261BEAAF0081E75E /* BibliotecaTableViewCell.swift */,
				B7363D8F261BE1470081E75E /* Main.storyboard */,
				B7363D92261BE1470081E75E /* Assets.xcassets */,
				B7363D94261BE1470081E75E /* LaunchScreen.storyboard */,
				B7363D97261BE1470081E75E /* Info.plist */,
			);
			path = imageTableView;
			sourceTree = "<group>";
		};
/* End PBXGroup section */

/* Begin PBXNativeTarget section */
		B7363D85261BE1460081E75E /* imageTableView */ = {
			isa = PBXNativeTarget;
			buildConfigurationList = B7363D9A261BE1470081E75E /* Build configuration list for PBXNativeTarget "imageTableView" */;
			buildPhases = (
				B7363D82261BE1460081E75E /* Sources */,
				B7363D83261BE1460081E75E /* Frameworks */,
				B7363D84261BE1460081E75E /* Resources */,
			);
			buildRules = (
			);
			dependencies = (
			);
			name = imageTableView;
			productName = imageTableView;
			productReference = B7363D86261BE1460081E75E /* imageTableView.app */;
			productType = "com.apple.product-type.application";
		};
/* End PBXNativeTarget section */

/* Begin PBXProject section */
		B7363D7E261BE1460081E75E /* Project object */ = {
			isa = PBXProject;
			attributes = {
				LastSwiftUpdateCheck = 1240;
				LastUpgradeCheck = 1240;
				TargetAttributes = {
					B7363D85261BE1460081E75E = {
						CreatedOnToolsVersion = 12.4;
					};
				};
			};
			buildConfigurationList = B7363D81261BE1460081E75E /* Build configuration list for PBXProject "imageTableView" */;
			compatibilityVersion = "Xcode 9.3";
			developmentRegion = en;
			hasScannedForEncodings = 0;
			knownRegions = (
				en,
				Base,
			);
			mainGroup = B7363D7D261BE1460081E75E;
			productRefGroup = B7363D87261BE1460081E75E /* Products */;
			projectDirPath = "";
			projectRoot = "";
			targets = (
				B7363D85261BE1460081E75E /* imageTableView */,
			);
		};
/* End PBXProject section */

/* Begin PBXResourcesBuildPhase section */
		B7363D84261BE1460081E75E /* Resources */ = {
			isa = PBXResourcesBuildPhase;
			buildActionMask = 2147483647;
			files = (
				B7363D96261BE1470081E75E /* LaunchScreen.storyboard in Resources */,
				B7363D93261BE1470081E75E /* Assets.xcassets in Resources */,
				B7363D91261BE1470081E75E /* Main.storyboard in Resources */,
			);
			runOnlyForDeploymentPostprocessing = 0;
		};
/* End PBXResourcesBuildPhase section */

/* Begin PBXSourcesBuildPhase section */
		B7363D82261BE1460081E75E /* Sources */ = {
			isa = PBXSourcesBuildPhase;
			buildActionMask = 2147483647;
			files = (
				B7363D8A261BE1460081E75E /* AppDelegate.swift in Sources */,
				B7363DA7261BEAAF0081E75E /* BibliotecaTableViewCell.swift in Sources */,
				B7363D8C261BE1460081E75E /* SceneDelegate.swift in Sources */,
				B7363D9F261BE15E0081E75E /* ImageTableViewController.swift in Sources */,
			);
			runOnlyForDeploymentPostprocessing = 0;
		};
/* End PBXSourcesBuildPhase section */

/* Begin PBXVariantGroup section */
		B7363D8F261BE1470081E75E /* Main.storyboard */ = {
			isa = PBXVariantGroup;
			children = (
				B7363D90261BE1470081E75E /* Base */,
			);
			name = Main.storyboard;
			sourceTree = "<group>";
		};
		B7363D94261BE1470081E75E /* LaunchScreen.storyboard */ = {
			isa = PBXVariantGroup;
			children = (
				B7363D95261BE1470081E75E /* Base */,
			);
			name = LaunchScreen.storyboard;
			sourceTree = "<group>";
		};
/* End PBXVariantGroup section */

/* Begin XCBuildConfiguration section */
		B7363D98261BE1470081E75E /* Debug */ = {
			isa = XCBuildConfiguration;
			buildSettings = {
				ALWAYS_SEARCH_USER_PATHS = NO;
				CLANG_ANALYZER_NONNULL = YES;
				CLANG_ANALYZER_NUMBER_OBJECT_CONVERSION = YES_AGGRESSIVE;
				CLANG_CXX_LANGUAGE_STANDARD = "gnu++14";
				CLANG_CXX_LIBRARY = "libc++";
				CLANG_ENABLE_MODULES = YES;
				CLANG_ENABLE_OBJC_ARC = YES;
				CLANG_ENABLE_OBJC_WEAK = YES;
				CLANG_WARN_BLOCK_CAPTURE_AUTORELEASING = YES;
				CLANG_WARN_BOOL_CONVERSION = YES;
				CLANG_WARN_COMMA = YES;
				CLANG_WARN_CONSTANT_CONVERSION = YES;
				CLANG_WARN_DEPRECATED_OBJC_IMPLEMENTATIONS = YES;
				CLANG_WARN_DIRECT_OBJC_ISA_USAGE = YES_ERROR;
				CLANG_WARN_DOCUMENTATION_COMMENTS = YES;
				CLANG_WARN_EMPTY_BODY = YES;
				CLANG_WARN_ENUM_CONVERSION = YES;
				CLANG_WARN_INFINITE_RECURSION = YES;
				CLANG_WARN_INT_CONVERSION = YES;
				CLANG_WARN_NON_LITERAL_NULL_CONVERSION = YES;
				CLANG_WARN_OBJC_IMPLICIT_RETAIN_SELF = YES;
				CLANG_WARN_OBJC_LITERAL_CONVERSION = YES;
				CLANG_WARN_OBJC_ROOT_CLASS = YES_ERROR;
				CLANG_WARN_QUOTED_INCLUDE_IN_FRAMEWORK_HEADER = YES;
				CLANG_WARN_RANGE_LOOP_ANALYSIS = YES;
				CLANG_WARN_STRICT_PROTOTYPES = YES;
				CLANG_WARN_SUSPICIOUS_MOVE = YES;
				CLANG_WARN_UNGUARDED_AVAILABILITY = YES_AGGRESSIVE;
				CLANG_WARN_UNREACHABLE_CODE = YES;
				CLANG_WARN__DUPLICATE_METHOD_MATCH = YES;
				COPY_PHASE_STRIP = NO;
				DEBUG_INFORMATION_FORMAT = dwarf;
				ENABLE_STRICT_OBJC_MSGSEND = YES;
				ENABLE_TESTABILITY = YES;
				GCC_C_LANGUAGE_STANDARD = gnu11;
				GCC_DYNAMIC_NO_PIC = NO;
				GCC_NO_COMMON_BLOCKS = YES;
				GCC_OPTIMIZATION_LEVEL = 0;
				GCC_PREPROCESSOR_DEFINITIONS = (
					"DEBUG=1",
					"$(inherited)",
				);
				GCC_WARN_64_TO_32_BIT_CONVERSION = YES;
				GCC_WARN_ABOUT_RETURN_TYPE = YES_ERROR;
				GCC_WARN_UNDECLARED_SELECTOR = YES;
				GCC_WARN_UNINITIALIZED_AUTOS = YES_AGGRESSIVE;
				GCC_WARN_UNUSED_FUNCTION = YES;
				GCC_WARN_UNUSED_VARIABLE = YES;
				IPHONEOS_DEPLOYMENT_TARGET = 14.4;
				MTL_ENABLE_DEBUG_INFO = INCLUDE_SOURCE;
				MTL_FAST_MATH = YES;
				ONLY_ACTIVE_ARCH = YES;
				SDKROOT = iphoneos;
				SWIFT_ACTIVE_COMPILATION_CONDITIONS = DEBUG;
				SWIFT_OPTIMIZATION_LEVEL = "-Onone";
			};
			name = Debug;
		};
		B7363D99261BE1470081E75E /* Release */ = {
			isa = XCBuildConfiguration;
			buildSettings = {
				ALWAYS_SEARCH_USER_PATHS = NO;
				CLANG_ANALYZER_NONNULL = YES;
				CLANG_ANALYZER_NUMBER_OBJECT_CONVERSION = YES_AGGRESSIVE;
				CLANG_CXX_LANGUAGE_STANDARD = "gnu++14";
				CLANG_CXX_LIBRARY = "libc++";
				CLANG_ENABLE_MODULES = YES;
				CLANG_ENABLE_OBJC_ARC = YES;
				CLANG_ENABLE_OBJC_WEAK = YES;
				CLANG_WARN_BLOCK_CAPTURE_AUTORELEASING = YES;
				CLANG_WARN_BOOL_CONVERSION = YES;
				CLANG_WARN_COMMA = YES;
				CLANG_WARN_CONSTANT_CONVERSION = YES;
				CLANG_WARN_DEPRECATED_OBJC_IMPLEMENTATIONS = YES;
				CLANG_WARN_DIRECT_OBJC_ISA_USAGE = YES_ERROR;
				CLANG_WARN_DOCUMENTATION_COMMENTS = YES;
				CLANG_WARN_EMPTY_BODY = YES;
				CLANG_WARN_ENUM_CONVERSION = YES;
				CLANG_WARN_INFINITE_RECURSION = YES;
				CLANG_WARN_INT_CONVERSION = YES;
				CLANG_WARN_NON_LITERAL_NULL_CONVERSION = YES;
				CLANG_WARN_OBJC_IMPLICIT_RETAIN_SELF = YES;
				CLANG_WARN_OBJC_LITERAL_CONVERSION = YES;
				CLANG_WARN_OBJC_ROOT_CLASS = YES_ERROR;
				CLANG_WARN_QUOTED_INCLUDE_IN_FRAMEWORK_HEADER = YES;
				CLANG_WARN_RANGE_LOOP_ANALYSIS = YES;
				CLANG_WARN_STRICT_PROTOTYPES = YES;
				CLANG_WARN_SUSPICIOUS_MOVE = YES;
				CLANG_WARN_UNGUARDED_AVAILABILITY = YES_AGGRESSIVE;
				CLANG_WARN_UNREACHABLE_CODE = YES;
				CLANG_WARN__DUPLICATE_METHOD_MATCH = YES;
				COPY_PHASE_STRIP = NO;
				DEBUG_INFORMATION_FORMAT = "dwarf-with-dsym";
				ENABLE_NS_ASSERTIONS = NO;
				ENABLE_STRICT_OBJC_MSGSEND = YES;
				GCC_C_LANGUAGE_STANDARD = gnu11;
				GCC_NO_COMMON_BLOCKS = YES;
				GCC_WARN_64_TO_32_BIT_CONVERSION = YES;
				GCC_WARN_ABOUT_RETURN_TYPE = YES_ERROR;
				GCC_WARN_UNDECLARED_SELECTOR = YES;
				GCC_WARN_UNINITIALIZED_AUTOS = YES_AGGRESSIVE;
				GCC_WARN_UNUSED_FUNCTION = YES;
				GCC_WARN_UNUSED_VARIABLE = YES;
				IPHONEOS_DEPLOYMENT_TARGET = 14.4;
				MTL_ENABLE_DEBUG_INFO = NO;
				MTL_FAST_MATH = YES;
				SDKROOT = iphoneos;
				SWIFT_COMPILATION_MODE = wholemodule;
				SWIFT_OPTIMIZATION_LEVEL = "-O";
				VALIDATE_PRODUCT = YES;
			};
			name = Release;
		};
		B7363D9B261BE1470081E75E /* Debug */ = {
			isa = XCBuildConfiguration;
			buildSettings = {
				ASSETCATALOG_COMPILER_APPICON_NAME = AppIcon;
				ASSETCATALOG_COMPILER_GLOBAL_ACCENT_COLOR_NAME = AccentColor;
				CODE_SIGN_STYLE = Automatic;
				INFOPLIST_FILE = imageTableView/Info.plist;
				LD_RUNPATH_SEARCH_PATHS = (
					"$(inherited)",
					"@executable_path/Frameworks",
				);
				PRODUCT_BUNDLE_IDENTIFIER = test.imageTableView;
				PRODUCT_NAME = "$(TARGET_NAME)";
				SWIFT_VERSION = 5.0;
				TARGETED_DEVICE_FAMILY = "1,2";
			};
			name = Debug;
		};
		B7363D9C261BE1470081E75E /* Release */ = {
			isa = XCBuildConfiguration;
			buildSettings = {
				ASSETCATALOG_COMPILER_APPICON_NAME = AppIcon;
				ASSETCATALOG_COMPILER_GLOBAL_ACCENT_COLOR_NAME = AccentColor;
				CODE_SIGN_STYLE = Automatic;
				INFOPLIST_FILE = imageTableView/Info.plist;
				LD_RUNPATH_SEARCH_PATHS = (
					"$(inherited)",
					"@executable_path/Frameworks",
				);
				PRODUCT_BUNDLE_IDENTIFIER = test.imageTableView;
				PRODUCT_NAME = "$(TARGET_NAME)";
				SWIFT_VERSION = 5.0;
				TARGETED_DEVICE_FAMILY = "1,2";
			};
			name = Release;
		};
/* End XCBuildConfiguration section */

/* Begin XCConfigurationList section */
		B7363D81261BE1460081E75E /* Build configuration list for PBXProject "imageTableView" */ = {
			isa = XCConfigurationList;
			buildConfigurations = (
				B7363D98261BE1470081E75E /* Debug */,
				B7363D99261BE1470081E75E /* Release */,
			);
			defaultConfigurationIsVisible = 0;
			defaultConfigurationName = Release;
		};
		B7363D9A261BE1470081E75E /* Build configuration list for PBXNativeTarget "imageTableView" */ = {
			isa = XCConfigurationList;
			buildConfigurations = (
				B7363D9B261BE1470081E75E /* Debug */,
				B7363D9C261BE1470081E75E /* Release */,
			);
			defaultConfigurationIsVisible = 0;
			defaultConfigurationName = Release;
		};
/* End XCConfigurationList section */
	};
	rootObject = B7363D7E261BE1460081E75E /* Project object */;
}
