// !$*UTF8*$!
{
	archiveVersion = 1;
	classes = {
	};
	objectVersion = 50;
	objects = {

/* Begin PBXBuildFile section */
		B7068ED225D44996002E7588 /* AppDelegate.swift in Sources */ = {isa = PBXBuildFile; fileRef = B7068ED125D44996002E7588 /* AppDelegate.swift */; };
		B7068ED425D44996002E7588 /* SceneDelegate.swift in Sources */ = {isa = PBXBuildFile; fileRef = B7068ED325D44996002E7588 /* SceneDelegate.swift */; };
		B7068ED625D44996002E7588 /* ViewController.swift in Sources */ = {isa = PBXBuildFile; fileRef = B7068ED525D44996002E7588 /* ViewController.swift */; };
		B7068ED925D44996002E7588 /* Main.storyboard in Resources */ = {isa = PBXBuildFile; fileRef = B7068ED725D44996002E7588 /* Main.storyboard */; };
		B7068EDB25D44997002E7588 /* Assets.xcassets in Resources */ = {isa = PBXBuildFile; fileRef = B7068EDA25D44997002E7588 /* Assets.xcassets */; };
		B7068EDE25D44997002E7588 /* LaunchScreen.storyboard in Resources */ = {isa = PBXBuildFile; fileRef = B7068EDC25D44997002E7588 /* LaunchScreen.storyboard */; };
		B718A3BD26150D8A0053BC2D /* View.swift in Sources */ = {isa = PBXBuildFile; fileRef = B718A3BC26150D8A0053BC2D /* View.swift */; };
		B7B464B1260D1DC3007F1194 /* Box.swift in Sources */ = {isa = PBXBuildFile; fileRef = B7B464B0260D1DC3007F1194 /* Box.swift */; };
		B7B464B6260D1E05007F1194 /* Model.swift in Sources */ = {isa = PBXBuildFile; fileRef = B7B464B5260D1E05007F1194 /* Model.swift */; };
		B7B464BA260D1E30007F1194 /* ViewModel.swift in Sources */ = {isa = PBXBuildFile; fileRef = B7B464B9260D1E30007F1194 /* ViewModel.swift */; };
/* End PBXBuildFile section */

/* Begin PBXFileReference section */
		B7068ECE25D44996002E7588 /* ElementQuiz.app */ = {isa = PBXFileReference; explicitFileType = wrapper.application; includeInIndex = 0; path = ElementQuiz.app; sourceTree = BUILT_PRODUCTS_DIR; };
		B7068ED125D44996002E7588 /* AppDelegate.swift */ = {isa = PBXFileReference; lastKnownFileType = sourcecode.swift; path = AppDelegate.swift; sourceTree = "<group>"; };
		B7068ED325D44996002E7588 /* SceneDelegate.swift */ = {isa = PBXFileReference; lastKnownFileType = sourcecode.swift; path = SceneDelegate.swift; sourceTree = "<group>"; };
		B7068ED525D44996002E7588 /* ViewController.swift */ = {isa = PBXFileReference; lastKnownFileType = sourcecode.swift; path = ViewController.swift; sourceTree = "<group>"; };
		B7068ED825D44996002E7588 /* Base */ = {isa = PBXFileReference; lastKnownFileType = file.storyboard; name = Base; path = Base.lproj/Main.storyboard; sourceTree = "<group>"; };
		B7068EDA25D44997002E7588 /* Assets.xcassets */ = {isa = PBXFileReference; lastKnownFileType = folder.assetcatalog; path = Assets.xcassets; sourceTree = "<group>"; };
		B7068EDD25D44997002E7588 /* Base */ = {isa = PBXFileReference; lastKnownFileType = file.storyboard; name = Base; path = Base.lproj/LaunchScreen.storyboard; sourceTree = "<group>"; };
		B7068EDF25D44997002E7588 /* Info.plist */ = {isa = PBXFileReference; lastKnownFileType = text.plist.xml; path = Info.plist; sourceTree = "<group>"; };
		B718A3BC26150D8A0053BC2D /* View.swift */ = {isa = PBXFileReference; lastKnownFileType = sourcecode.swift; path = View.swift; sourceTree = "<group>"; };
		B7B464B0260D1DC3007F1194 /* Box.swift */ = {isa = PBXFileReference; lastKnownFileType = sourcecode.swift; path = Box.swift; sourceTree = "<group>"; };
		B7B464B5260D1E05007F1194 /* Model.swift */ = {isa = PBXFileReference; lastKnownFileType = sourcecode.swift; path = Model.swift; sourceTree = "<group>"; };
		B7B464B9260D1E30007F1194 /* ViewModel.swift */ = {isa = PBXFileReference; lastKnownFileType = sourcecode.swift; path = ViewModel.swift; sourceTree = "<group>"; };
/* End PBXFileReference section */

/* Begin PBXFrameworksBuildPhase section */
		B7068ECB25D44996002E7588 /* Frameworks */ = {
			isa = PBXFrameworksBuildPhase;
			buildActionMask = 2147483647;
			files = (
			);
			runOnlyForDeploymentPostprocessing = 0;
		};
/* End PBXFrameworksBuildPhase section */

/* Begin PBXGroup section */
		B7068EC525D44996002E7588 = {
			isa = PBXGroup;
			children = (
				B7068ED025D44996002E7588 /* ElementQuiz */,
				B7068ECF25D44996002E7588 /* Products */,
			);
			sourceTree = "<group>";
		};
		B7068ECF25D44996002E7588 /* Products */ = {
			isa = PBXGroup;
			children = (
				B7068ECE25D44996002E7588 /* ElementQuiz.app */,
			);
			name = Products;
			sourceTree = "<group>";
		};
		B7068ED025D44996002E7588 /* ElementQuiz */ = {
			isa = PBXGroup;
			children = (
				B718A3BB26150D7F0053BC2D /* View */,
				B720CFE1260B9F4B0002E49B /* Controller */,
				B720CFE0260B9F410002E49B /* ViewModel */,
				B720CFE2260B9F540002E49B /* Models */,
				B7B464B4260D1DD0007F1194 /* Utilities */,
				B7068ED125D44996002E7588 /* AppDelegate.swift */,
				B7068ED325D44996002E7588 /* SceneDelegate.swift */,
				B7068ED725D44996002E7588 /* Main.storyboard */,
				B7068EDA25D44997002E7588 /* Assets.xcassets */,
				B7068EDC25D44997002E7588 /* LaunchScreen.storyboard */,
				B7068EDF25D44997002E7588 /* Info.plist */,
			);
			path = ElementQuiz;
			sourceTree = "<group>";
		};
		B718A3BB26150D7F0053BC2D /* View */ = {
			isa = PBXGroup;
			children = (
				B718A3BC26150D8A0053BC2D /* View.swift */,
			);
			path = View;
			sourceTree = "<group>";
		};
		B720CFE0260B9F410002E49B /* ViewModel */ = {
			isa = PBXGroup;
			children = (
				B7B464B9260D1E30007F1194 /* ViewModel.swift */,
			);
			path = ViewModel;
			sourceTree = "<group>";
		};
		B720CFE1260B9F4B0002E49B /* Controller */ = {
			isa = PBXGroup;
			children = (
				B7068ED525D44996002E7588 /* ViewController.swift */,
			);
			path = Controller;
			sourceTree = "<group>";
		};
		B720CFE2260B9F540002E49B /* Models */ = {
			isa = PBXGroup;
			children = (
				B7B464B5260D1E05007F1194 /* Model.swift */,
			);
			path = Models;
			sourceTree = "<group>";
		};
		B7B464B4260D1DD0007F1194 /* Utilities */ = {
			isa = PBXGroup;
			children = (
				B7B464B0260D1DC3007F1194 /* Box.swift */,
			);
			path = Utilities;
			sourceTree = "<group>";
		};
/* End PBXGroup section */

/* Begin PBXNativeTarget section */
		B7068ECD25D44996002E7588 /* ElementQuiz */ = {
			isa = PBXNativeTarget;
			buildConfigurationList = B7068EE225D44997002E7588 /* Build configuration list for PBXNativeTarget "ElementQuiz" */;
			buildPhases = (
				B7068ECA25D44996002E7588 /* Sources */,
				B7068ECB25D44996002E7588 /* Frameworks */,
				B7068ECC25D44996002E7588 /* Resources */,
			);
			buildRules = (
			);
			dependencies = (
			);
			name = ElementQuiz;
			productName = ElementQuiz;
			productReference = B7068ECE25D44996002E7588 /* ElementQuiz.app */;
			productType = "com.apple.product-type.application";
		};
/* End PBXNativeTarget section */

/* Begin PBXProject section */
		B7068EC625D44996002E7588 /* Project object */ = {
			isa = PBXProject;
			attributes = {
				LastSwiftUpdateCheck = 1240;
				LastUpgradeCheck = 1240;
				TargetAttributes = {
					B7068ECD25D44996002E7588 = {
						CreatedOnToolsVersion = 12.4;
					};
				};
			};
			buildConfigurationList = B7068EC925D44996002E7588 /* Build configuration list for PBXProject "ElementQuiz" */;
			compatibilityVersion = "Xcode 9.3";
			developmentRegion = en;
			hasScannedForEncodings = 0;
			knownRegions = (
				en,
				Base,
			);
			mainGroup = B7068EC525D44996002E7588;
			productRefGroup = B7068ECF25D44996002E7588 /* Products */;
			projectDirPath = "";
			projectRoot = "";
			targets = (
				B7068ECD25D44996002E7588 /* ElementQuiz */,
			);
		};
/* End PBXProject section */

/* Begin PBXResourcesBuildPhase section */
		B7068ECC25D44996002E7588 /* Resources */ = {
			isa = PBXResourcesBuildPhase;
			buildActionMask = 2147483647;
			files = (
				B7068EDE25D44997002E7588 /* LaunchScreen.storyboard in Resources */,
				B7068EDB25D44997002E7588 /* Assets.xcassets in Resources */,
				B7068ED925D44996002E7588 /* Main.storyboard in Resources */,
			);
			runOnlyForDeploymentPostprocessing = 0;
		};
/* End PBXResourcesBuildPhase section */

/* Begin PBXSourcesBuildPhase section */
		B7068ECA25D44996002E7588 /* Sources */ = {
			isa = PBXSourcesBuildPhase;
			buildActionMask = 2147483647;
			files = (
				B7B464B6260D1E05007F1194 /* Model.swift in Sources */,
				B7068ED625D44996002E7588 /* ViewController.swift in Sources */,
				B7068ED225D44996002E7588 /* AppDelegate.swift in Sources */,
				B7B464B1260D1DC3007F1194 /* Box.swift in Sources */,
				B7B464BA260D1E30007F1194 /* ViewModel.swift in Sources */,
				B718A3BD26150D8A0053BC2D /* View.swift in Sources */,
				B7068ED425D44996002E7588 /* SceneDelegate.swift in Sources */,
			);
			runOnlyForDeploymentPostprocessing = 0;
		};
/* End PBXSourcesBuildPhase section */

/* Begin PBXVariantGroup section */
		B7068ED725D44996002E7588 /* Main.storyboard */ = {
			isa = PBXVariantGroup;
			children = (
				B7068ED825D44996002E7588 /* Base */,
			);
			name = Main.storyboard;
			sourceTree = "<group>";
		};
		B7068EDC25D44997002E7588 /* LaunchScreen.storyboard */ = {
			isa = PBXVariantGroup;
			children = (
				B7068EDD25D44997002E7588 /* Base */,
			);
			name = LaunchScreen.storyboard;
			sourceTree = "<group>";
		};
/* End PBXVariantGroup section */

/* Begin XCBuildConfiguration section */
		B7068EE025D44997002E7588 /* Debug */ = {
			isa = XCBuildConfiguration;
			buildSettings = {
				ALWAYS_SEARCH_USER_PATHS = NO;
				CLANG_ANALYZER_NONNULL = YES;
				CLANG_ANALYZER_NUMBER_OBJECT_CONVERSION = YES_AGGRESSIVE;
				CLANG_CXX_LANGUAGE_STANDARD = "gnu++14";
				CLANG_CXX_LIBRARY = "libc++";
				CLANG_ENABLE_MODULES = YES;
				CLANG_ENABLE_OBJC_ARC = YES;
				CLANG_ENABLE_OBJC_WEAK = YES;
				CLANG_WARN_BLOCK_CAPTURE_AUTORELEASING = YES;
				CLANG_WARN_BOOL_CONVERSION = YES;
				CLANG_WARN_COMMA = YES;
				CLANG_WARN_CONSTANT_CONVERSION = YES;
				CLANG_WARN_DEPRECATED_OBJC_IMPLEMENTATIONS = YES;
				CLANG_WARN_DIRECT_OBJC_ISA_USAGE = YES_ERROR;
				CLANG_WARN_DOCUMENTATION_COMMENTS = YES;
				CLANG_WARN_EMPTY_BODY = YES;
				CLANG_WARN_ENUM_CONVERSION = YES;
				CLANG_WARN_INFINITE_RECURSION = YES;
				CLANG_WARN_INT_CONVERSION = YES;
				CLANG_WARN_NON_LITERAL_NULL_CONVERSION = YES;
				CLANG_WARN_OBJC_IMPLICIT_RETAIN_SELF = YES;
				CLANG_WARN_OBJC_LITERAL_CONVERSION = YES;
				CLANG_WARN_OBJC_ROOT_CLASS = YES_ERROR;
				CLANG_WARN_QUOTED_INCLUDE_IN_FRAMEWORK_HEADER = YES;
				CLANG_WARN_RANGE_LOOP_ANALYSIS = YES;
				CLANG_WARN_STRICT_PROTOTYPES = YES;
				CLANG_WARN_SUSPICIOUS_MOVE = YES;
				CLANG_WARN_UNGUARDED_AVAILABILITY = YES_AGGRESSIVE;
				CLANG_WARN_UNREACHABLE_CODE = YES;
				CLANG_WARN__DUPLICATE_METHOD_MATCH = YES;
				COPY_PHASE_STRIP = NO;
				DEBUG_INFORMATION_FORMAT = dwarf;
				ENABLE_STRICT_OBJC_MSGSEND = YES;
				ENABLE_TESTABILITY = YES;
				GCC_C_LANGUAGE_STANDARD = gnu11;
				GCC_DYNAMIC_NO_PIC = NO;
				GCC_NO_COMMON_BLOCKS = YES;
				GCC_OPTIMIZATION_LEVEL = 0;
				GCC_PREPROCESSOR_DEFINITIONS = (
					"DEBUG=1",
					"$(inherited)",
				);
				GCC_WARN_64_TO_32_BIT_CONVERSION = YES;
				GCC_WARN_ABOUT_RETURN_TYPE = YES_ERROR;
				GCC_WARN_UNDECLARED_SELECTOR = YES;
				GCC_WARN_UNINITIALIZED_AUTOS = YES_AGGRESSIVE;
				GCC_WARN_UNUSED_FUNCTION = YES;
				GCC_WARN_UNUSED_VARIABLE = YES;
				IPHONEOS_DEPLOYMENT_TARGET = 14.4;
				MTL_ENABLE_DEBUG_INFO = INCLUDE_SOURCE;
				MTL_FAST_MATH = YES;
				ONLY_ACTIVE_ARCH = YES;
				SDKROOT = iphoneos;
				SWIFT_ACTIVE_COMPILATION_CONDITIONS = DEBUG;
				SWIFT_OPTIMIZATION_LEVEL = "-Onone";
			};
			name = Debug;
		};
		B7068EE125D44997002E7588 /* Release */ = {
			isa = XCBuildConfiguration;
			buildSettings = {
				ALWAYS_SEARCH_USER_PATHS = NO;
				CLANG_ANALYZER_NONNULL = YES;
				CLANG_ANALYZER_NUMBER_OBJECT_CONVERSION = YES_AGGRESSIVE;
				CLANG_CXX_LANGUAGE_STANDARD = "gnu++14";
				CLANG_CXX_LIBRARY = "libc++";
				CLANG_ENABLE_MODULES = YES;
				CLANG_ENABLE_OBJC_ARC = YES;
				CLANG_ENABLE_OBJC_WEAK = YES;
				CLANG_WARN_BLOCK_CAPTURE_AUTORELEASING = YES;
				CLANG_WARN_BOOL_CONVERSION = YES;
				CLANG_WARN_COMMA = YES;
				CLANG_WARN_CONSTANT_CONVERSION = YES;
				CLANG_WARN_DEPRECATED_OBJC_IMPLEMENTATIONS = YES;
				CLANG_WARN_DIRECT_OBJC_ISA_USAGE = YES_ERROR;
				CLANG_WARN_DOCUMENTATION_COMMENTS = YES;
				CLANG_WARN_EMPTY_BODY = YES;
				CLANG_WARN_ENUM_CONVERSION = YES;
				CLANG_WARN_INFINITE_RECURSION = YES;
				CLANG_WARN_INT_CONVERSION = YES;
				CLANG_WARN_NON_LITERAL_NULL_CONVERSION = YES;
				CLANG_WARN_OBJC_IMPLICIT_RETAIN_SELF = YES;
				CLANG_WARN_OBJC_LITERAL_CONVERSION = YES;
				CLANG_WARN_OBJC_ROOT_CLASS = YES_ERROR;
				CLANG_WARN_QUOTED_INCLUDE_IN_FRAMEWORK_HEADER = YES;
				CLANG_WARN_RANGE_LOOP_ANALYSIS = YES;
				CLANG_WARN_STRICT_PROTOTYPES = YES;
				CLANG_WARN_SUSPICIOUS_MOVE = YES;
				CLANG_WARN_UNGUARDED_AVAILABILITY = YES_AGGRESSIVE;
				CLANG_WARN_UNREACHABLE_CODE = YES;
				CLANG_WARN__DUPLICATE_METHOD_MATCH = YES;
				COPY_PHASE_STRIP = NO;
				DEBUG_INFORMATION_FORMAT = "dwarf-with-dsym";
				ENABLE_NS_ASSERTIONS = NO;
				ENABLE_STRICT_OBJC_MSGSEND = YES;
				GCC_C_LANGUAGE_STANDARD = gnu11;
				GCC_NO_COMMON_BLOCKS = YES;
				GCC_WARN_64_TO_32_BIT_CONVERSION = YES;
				GCC_WARN_ABOUT_RETURN_TYPE = YES_ERROR;
				GCC_WARN_UNDECLARED_SELECTOR = YES;
				GCC_WARN_UNINITIALIZED_AUTOS = YES_AGGRESSIVE;
				GCC_WARN_UNUSED_FUNCTION = YES;
				GCC_WARN_UNUSED_VARIABLE = YES;
				IPHONEOS_DEPLOYMENT_TARGET = 14.4;
				MTL_ENABLE_DEBUG_INFO = NO;
				MTL_FAST_MATH = YES;
				SDKROOT = iphoneos;
				SWIFT_COMPILATION_MODE = wholemodule;
				SWIFT_OPTIMIZATION_LEVEL = "-O";
				VALIDATE_PRODUCT = YES;
			};
			name = Release;
		};
		B7068EE325D44997002E7588 /* Debug */ = {
			isa = XCBuildConfiguration;
			buildSettings = {
				ASSETCATALOG_COMPILER_APPICON_NAME = AppIcon;
				ASSETCATALOG_COMPILER_GLOBAL_ACCENT_COLOR_NAME = AccentColor;
				CODE_SIGN_STYLE = Automatic;
				INFOPLIST_FILE = ElementQuiz/Info.plist;
				LD_RUNPATH_SEARCH_PATHS = (
					"$(inherited)",
					"@executable_path/Frameworks",
				);
				PRODUCT_BUNDLE_IDENTIFIER = test.ElementQuiz;
				PRODUCT_NAME = "$(TARGET_NAME)";
				SWIFT_VERSION = 5.0;
				TARGETED_DEVICE_FAMILY = "1,2";
			};
			name = Debug;
		};
		B7068EE425D44997002E7588 /* Release */ = {
			isa = XCBuildConfiguration;
			buildSettings = {
				ASSETCATALOG_COMPILER_APPICON_NAME = AppIcon;
				ASSETCATALOG_COMPILER_GLOBAL_ACCENT_COLOR_NAME = AccentColor;
				CODE_SIGN_STYLE = Automatic;
				INFOPLIST_FILE = ElementQuiz/Info.plist;
				LD_RUNPATH_SEARCH_PATHS = (
					"$(inherited)",
					"@executable_path/Frameworks",
				);
				PRODUCT_BUNDLE_IDENTIFIER = test.ElementQuiz;
				PRODUCT_NAME = "$(TARGET_NAME)";
				SWIFT_VERSION = 5.0;
				TARGETED_DEVICE_FAMILY = "1,2";
			};
			name = Release;
		};
/* End XCBuildConfiguration section */

/* Begin XCConfigurationList section */
		B7068EC925D44996002E7588 /* Build configuration list for PBXProject "ElementQuiz" */ = {
			isa = XCConfigurationList;
			buildConfigurations = (
				B7068EE025D44997002E7588 /* Debug */,
				B7068EE125D44997002E7588 /* Release */,
			);
			defaultConfigurationIsVisible = 0;
			defaultConfigurationName = Release;
		};
		B7068EE225D44997002E7588 /* Build configuration list for PBXNativeTarget "ElementQuiz" */ = {
			isa = XCConfigurationList;
			buildConfigurations = (
				B7068EE325D44997002E7588 /* Debug */,
				B7068EE425D44997002E7588 /* Release */,
			);
			defaultConfigurationIsVisible = 0;
			defaultConfigurationName = Release;
		};
/* End XCConfigurationList section */
	};
	rootObject = B7068EC625D44996002E7588 /* Project object */;
}
